
Microsoft Visual Studio Solution File, Format Version 12.00
# Visual Studio 2012
Project("{8BC9CEB8-8B4A-11D0-8D11-00A0C91BC942}") = "Bk1_c3_10", "Bk1_c3_10\Bk1_c3_10.vcxproj", "{7A950ACE-87F8-4A37-9D3C-B946CF7DAF11}"
EndProject
Global
	GlobalSection(SolutionConfigurationPlatforms) = preSolution
		Debug|Win32 = Debug|Win32
		Release|Win32 = Release|Win32
	EndGlobalSection
	GlobalSection(ProjectConfigurationPlatforms) = postSolution
		{7A950ACE-87F8-4A37-9D3C-B946CF7DAF11}.Debug|Win32.ActiveCfg = Debug|Win32
		{7A950ACE-87F8-4A37-9D3C-B946CF7DAF11}.Debug|Win32.Build.0 = Debug|Win32
		{7A950ACE-87F8-4A37-9D3C-B946CF7DAF11}.Release|Win32.ActiveCfg = Release|Win32
		{7A950ACE-87F8-4A37-9D3C-B946CF7DAF11}.Release|Win32.Build.0 = Release|Win32
	EndGlobalSection
	GlobalSection(SolutionProperties) = preSolution
		HideSolutionNode = FALSE
	EndGlobalSection
EndGlobal
